{
	"name": "alpha-command-bus-graphql",
	"version": "1.0.0",
	"lockfileVersion": 1,
	"requires": true,
	"dependencies": {
		"@types/graphql": {
			"version": "0.11.7",
			"resolved": "https://registry.npmjs.org/@types/graphql/-/graphql-0.11.7.tgz",
			"integrity": "sha512-+6UMNcBeLR/G/yMIFXVA6XJhfDlPO7x6cb7ooiyN12Q6GE1l3KbupZoWBMV2Uw3F2q+i+IiaHx9rIKwLADw+7A=="
		}
	}
}
