{
  "name": "alpha-command-bus-rpc-server",
  "version": "1.1.4",
  "lockfileVersion": 1,
  "requires": true,
  "dependencies": {
    "@pallad/common-errors": {
      "version": "1.1.1",
      "resolved": "https://registry.npmjs.org/@pallad/common-errors/-/common-errors-1.1.1.tgz",
      "integrity": "sha512-LcP/DmMK2+SPks70SlgyFfV++XZCc410W2bxvsgNE3cnqz/Q1+/w3y3m0uhGwd5e7zb1cRAtC8D2n3FTT/ecZQ=="
    },
    "alpha-serializer": {
      "version": "0.5.6",
      "resolved": "https://registry.npmjs.org/alpha-serializer/-/alpha-serializer-0.5.6.tgz",
      "integrity": "sha512-3m5YLHeDtm7OSXz4O+cxt/O6pKVajqGIqW47m6JEiw1nSxwxIB4QEt/1epVW19CPzZDnzNiT5PFscQ+PhxovLw==",
      "requires": {
        "predicates": "^2.0.0"
      }
    },
    "array-find": {
      "version": "1.0.0",
      "resolved": "https://registry.npmjs.org/array-find/-/array-find-1.0.0.tgz",
      "integrity": "sha1-bI4obRHtdoMn+OYuzuhzU8o+eLg="
    },
    "express-async-handler": {
      "version": "1.1.4",
      "resolved": "https://registry.npmjs.org/express-async-handler/-/express-async-handler-1.1.4.tgz",
      "integrity": "sha512-HdmbVF4V4w1q/iz++RV7bUxIeepTukWewiJGkoCKQMtvPF11MLTa7It9PRc/reysXXZSEyD4Pthchju+IUbMiQ=="
    },
    "predicates": {
      "version": "2.0.3",
      "resolved": "https://registry.npmjs.org/predicates/-/predicates-2.0.3.tgz",
      "integrity": "sha512-eL+bhIiWrD+kx/olyYBcAFn258Oo9MTB7iehgBIaflVS8DBLuVtQvOpwgWwlya6YFUIiKaVoA3HaBNJuVNcyIA==",
      "requires": {
        "array-find": "^1.0.0"
      }
    }
  }
}
