{
	"name": "alpha-command-bus-rpc-client",
	"version": "3.0.0",
	"lockfileVersion": 2,
	"requires": true,
	"packages": {
		"": {
			"name": "alpha-command-bus-rpc-client",
			"version": "3.0.0",
			"license": "MIT",
			"dependencies": {
				"form-data-encoder": "^1.7.1",
				"formdata-node": "^4.3.2",
				"predicates": "^2.0.3",
				"undici": "^4"
			},
			"peerDependencies": {
				"alpha-serializer": "0.5.*"
			}
		},
		"node_modules/alpha-serializer": {
			"version": "0.5.6",
			"resolved": "https://registry.npmjs.org/alpha-serializer/-/alpha-serializer-0.5.6.tgz",
			"integrity": "sha512-3m5YLHeDtm7OSXz4O+cxt/O6pKVajqGIqW47m6JEiw1nSxwxIB4QEt/1epVW19CPzZDnzNiT5PFscQ+PhxovLw==",
			"peer": true,
			"dependencies": {
				"predicates": "^2.0.0"
			}
		},
		"node_modules/array-find": {
			"version": "1.0.0",
			"resolved": "https://registry.npmjs.org/array-find/-/array-find-1.0.0.tgz",
			"integrity": "sha1-bI4obRHtdoMn+OYuzuhzU8o+eLg="
		},
		"node_modules/form-data-encoder": {
			"version": "1.7.1",
			"resolved": "https://registry.npmjs.org/form-data-encoder/-/form-data-encoder-1.7.1.tgz",
			"integrity": "sha512-EFRDrsMm/kyqbTQocNvRXMLjc7Es2Vk+IQFx/YW7hkUH1eBl4J1fqiP34l74Yt0pFLCNpc06fkbVk00008mzjg=="
		},
		"node_modules/formdata-node": {
			"version": "4.3.2",
			"resolved": "https://registry.npmjs.org/formdata-node/-/formdata-node-4.3.2.tgz",
			"integrity": "sha512-k7lYJyzDOSL6h917favP8j1L0/wNyylzU+x+1w4p5haGVHNlP58dbpdJhiCUsDbWsa9HwEtLp89obQgXl2e0qg==",
			"dependencies": {
				"node-domexception": "1.0.0",
				"web-streams-polyfill": "4.0.0-beta.1"
			},
			"engines": {
				"node": ">= 12.20"
			}
		},
		"node_modules/node-domexception": {
			"version": "1.0.0",
			"resolved": "https://registry.npmjs.org/node-domexception/-/node-domexception-1.0.0.tgz",
			"integrity": "sha512-/jKZoMpw0F8GRwl4/eLROPA3cfcXtLApP0QzLmUT/HuPCZWyB7IY9ZrMeKw2O/nFIqPQB3PVM9aYm0F312AXDQ==",
			"funding": [
				{
					"type": "github",
					"url": "https://github.com/sponsors/jimmywarting"
				},
				{
					"type": "github",
					"url": "https://paypal.me/jimmywarting"
				}
			],
			"engines": {
				"node": ">=10.5.0"
			}
		},
		"node_modules/predicates": {
			"version": "2.0.3",
			"resolved": "https://registry.npmjs.org/predicates/-/predicates-2.0.3.tgz",
			"integrity": "sha512-eL+bhIiWrD+kx/olyYBcAFn258Oo9MTB7iehgBIaflVS8DBLuVtQvOpwgWwlya6YFUIiKaVoA3HaBNJuVNcyIA==",
			"dependencies": {
				"array-find": "^1.0.0"
			},
			"engines": {
				"node": ">=4.3"
			}
		},
		"node_modules/undici": {
			"version": "4.16.0",
			"resolved": "https://registry.npmjs.org/undici/-/undici-4.16.0.tgz",
			"integrity": "sha512-tkZSECUYi+/T1i4u+4+lwZmQgLXd4BLGlrc7KZPcLIW7Jpq99+Xpc30ONv7nS6F5UNOxp/HBZSSL9MafUrvJbw==",
			"engines": {
				"node": ">=12.18"
			}
		},
		"node_modules/web-streams-polyfill": {
			"version": "4.0.0-beta.1",
			"resolved": "https://registry.npmjs.org/web-streams-polyfill/-/web-streams-polyfill-4.0.0-beta.1.tgz",
			"integrity": "sha512-3ux37gEX670UUphBF9AMCq8XM6iQ8Ac6A+DSRRjDoRBm1ufCkaCDdNVbaqq60PsEkdNlLKrGtv/YBP4EJXqNtQ==",
			"engines": {
				"node": ">= 12"
			}
		}
	},
	"dependencies": {
		"alpha-serializer": {
			"version": "0.5.6",
			"resolved": "https://registry.npmjs.org/alpha-serializer/-/alpha-serializer-0.5.6.tgz",
			"integrity": "sha512-3m5YLHeDtm7OSXz4O+cxt/O6pKVajqGIqW47m6JEiw1nSxwxIB4QEt/1epVW19CPzZDnzNiT5PFscQ+PhxovLw==",
			"peer": true,
			"requires": {
				"predicates": "^2.0.0"
			}
		},
		"array-find": {
			"version": "1.0.0",
			"resolved": "https://registry.npmjs.org/array-find/-/array-find-1.0.0.tgz",
			"integrity": "sha1-bI4obRHtdoMn+OYuzuhzU8o+eLg="
		},
		"form-data-encoder": {
			"version": "1.7.1",
			"resolved": "https://registry.npmjs.org/form-data-encoder/-/form-data-encoder-1.7.1.tgz",
			"integrity": "sha512-EFRDrsMm/kyqbTQocNvRXMLjc7Es2Vk+IQFx/YW7hkUH1eBl4J1fqiP34l74Yt0pFLCNpc06fkbVk00008mzjg=="
		},
		"formdata-node": {
			"version": "4.3.2",
			"resolved": "https://registry.npmjs.org/formdata-node/-/formdata-node-4.3.2.tgz",
			"integrity": "sha512-k7lYJyzDOSL6h917favP8j1L0/wNyylzU+x+1w4p5haGVHNlP58dbpdJhiCUsDbWsa9HwEtLp89obQgXl2e0qg==",
			"requires": {
				"node-domexception": "1.0.0",
				"web-streams-polyfill": "4.0.0-beta.1"
			}
		},
		"node-domexception": {
			"version": "1.0.0",
			"resolved": "https://registry.npmjs.org/node-domexception/-/node-domexception-1.0.0.tgz",
			"integrity": "sha512-/jKZoMpw0F8GRwl4/eLROPA3cfcXtLApP0QzLmUT/HuPCZWyB7IY9ZrMeKw2O/nFIqPQB3PVM9aYm0F312AXDQ=="
		},
		"predicates": {
			"version": "2.0.3",
			"resolved": "https://registry.npmjs.org/predicates/-/predicates-2.0.3.tgz",
			"integrity": "sha512-eL+bhIiWrD+kx/olyYBcAFn258Oo9MTB7iehgBIaflVS8DBLuVtQvOpwgWwlya6YFUIiKaVoA3HaBNJuVNcyIA==",
			"requires": {
				"array-find": "^1.0.0"
			}
		},
		"undici": {
			"version": "4.16.0",
			"resolved": "https://registry.npmjs.org/undici/-/undici-4.16.0.tgz",
			"integrity": "sha512-tkZSECUYi+/T1i4u+4+lwZmQgLXd4BLGlrc7KZPcLIW7Jpq99+Xpc30ONv7nS6F5UNOxp/HBZSSL9MafUrvJbw=="
		},
		"web-streams-polyfill": {
			"version": "4.0.0-beta.1",
			"resolved": "https://registry.npmjs.org/web-streams-polyfill/-/web-streams-polyfill-4.0.0-beta.1.tgz",
			"integrity": "sha512-3ux37gEX670UUphBF9AMCq8XM6iQ8Ac6A+DSRRjDoRBm1ufCkaCDdNVbaqq60PsEkdNlLKrGtv/YBP4EJXqNtQ=="
		}
	}
}
